// !$*UTF8*$!
{
	archiveVersion = 1;
	classes = {
	};
	objectVersion = 56;
	objects = {

/* Begin PBXBuildFile section */
		5D4B3C8F2B739226000B9DAE /* WDForestViewer.swift in Sources */ = {isa = PBXBuildFile; fileRef = 5D4B3C8D2B739226000B9DAE /* WDForestViewer.swift */; };
		5D4B3C902B739226000B9DAE /* WDForestViewer.xib in Resources */ = {isa = PBXBuildFile; fileRef = 5D4B3C8E2B739226000B9DAE /* WDForestViewer.xib */; };
		5D4B3C922B73A26D000B9DAE /* SUForest.swift in Sources */ = {isa = PBXBuildFile; fileRef = 5D4B3C912B73A26C000B9DAE /* SUForest.swift */; };
		5D853AE62B5413FB00A018C4 /* WDTreeEdit.xib in Resources */ = {isa = PBXBuildFile; fileRef = 5D853AE42B5413FB00A018C4 /* WDTreeEdit.xib */; };
		5D8C97372B3D0505009D142D /* LDMenuIcon.swift in Sources */ = {isa = PBXBuildFile; fileRef = 5D8C97352B3D0505009D142D /* LDMenuIcon.swift */; };
		5D8C97382B3D0505009D142D /* LDCoreTimer.swift in Sources */ = {isa = PBXBuildFile; fileRef = 5D8C97362B3D0505009D142D /* LDCoreTimer.swift */; };
		5D8C973B2B3D0C95009D142D /* VCCountDown.swift in Sources */ = {isa = PBXBuildFile; fileRef = 5D8C97392B3D0C95009D142D /* VCCountDown.swift */; };
		5D94730D2B9C39AA00AE1A5B /* LFPlantResource.swift in Sources */ = {isa = PBXBuildFile; fileRef = 5D94730C2B9C39AA00AE1A5B /* LFPlantResource.swift */; };
		5D97DDF72B4D5B4E00B2E3AE /* LDNotification.swift in Sources */ = {isa = PBXBuildFile; fileRef = 5D97DDF62B4D5B4E00B2E3AE /* LDNotification.swift */; };
		5D97DDF92B4D5B6F00B2E3AE /* LDRecord.swift in Sources */ = {isa = PBXBuildFile; fileRef = 5D97DDF82B4D5B6F00B2E3AE /* LDRecord.swift */; };
		5D9BA9332B4E28DB00675DA8 /* VCMenuIcon.swift in Sources */ = {isa = PBXBuildFile; fileRef = 5D9BA9312B4E28DB00675DA8 /* VCMenuIcon.swift */; };
		5D9BA9342B4E28DB00675DA8 /* VCMenuIcon.xib in Resources */ = {isa = PBXBuildFile; fileRef = 5D9BA9322B4E28DB00675DA8 /* VCMenuIcon.xib */; };
		5D9C8ED52B52F42A00FC904E /* LDMenuSync.swift in Sources */ = {isa = PBXBuildFile; fileRef = 5D9C8ED42B52F42A00FC904E /* LDMenuSync.swift */; };
		5D9E82032B7628660075F681 /* SUForestUtil.swift in Sources */ = {isa = PBXBuildFile; fileRef = 5D9E82022B7628660075F681 /* SUForestUtil.swift */; };
		5DACE94A2B4C4A75009BA82C /* DockProgress.swift in Sources */ = {isa = PBXBuildFile; fileRef = 5DACE9482B4C4A75009BA82C /* DockProgress.swift */; };
		5DACE94B2B4C4A75009BA82C /* Utilities.swift in Sources */ = {isa = PBXBuildFile; fileRef = 5DACE9492B4C4A75009BA82C /* Utilities.swift */; };
		5DB12B362B3C87E900224244 /* AppDelegate.swift in Sources */ = {isa = PBXBuildFile; fileRef = 5DB12B352B3C87E900224244 /* AppDelegate.swift */; };
		5DB12B382B3C87EB00224244 /* Assets.xcassets in Resources */ = {isa = PBXBuildFile; fileRef = 5DB12B372B3C87EB00224244 /* Assets.xcassets */; };
		5DBD1C522B74BC0C00A5F999 /* SUMenuIcon.swift in Sources */ = {isa = PBXBuildFile; fileRef = 5DBD1C512B74BC0C00A5F999 /* SUMenuIcon.swift */; };
		5DBFE6262B6A51AC0023818B /* LFPlantManager.swift in Sources */ = {isa = PBXBuildFile; fileRef = 5DBFE6252B6A51AC0023818B /* LFPlantManager.swift */; };
		5DBFE62F2B6A532C0023818B /* plants in Resources */ = {isa = PBXBuildFile; fileRef = 5DBFE6232B6A516E0023818B /* plants */; };
		5DBFE6342B6A59720023818B /* PlantResource.bundle in Resources */ = {isa = PBXBuildFile; fileRef = 5DBFE62B2B6A530A0023818B /* PlantResource.bundle */; };
		5DC2D38B2B55311E004103E9 /* WDAbout.swift in Sources */ = {isa = PBXBuildFile; fileRef = 5DC2D3892B55311E004103E9 /* WDAbout.swift */; };
		5DC2D38C2B55311E004103E9 /* WDAbout.xib in Resources */ = {isa = PBXBuildFile; fileRef = 5DC2D38A2B55311E004103E9 /* WDAbout.xib */; };
		5DD24C8E2B62AA7900D23F6A /* MainMenu.xib in Resources */ = {isa = PBXBuildFile; fileRef = 5DD24C902B62AA7900D23F6A /* MainMenu.xib */; };
		5DD24C962B62AB6800D23F6A /* VCCountDown.xib in Resources */ = {isa = PBXBuildFile; fileRef = 5DD24C952B62AB6800D23F6A /* VCCountDown.xib */; };
		5DDC7B162B66891B00D75063 /* WDLinkForest.xib in Resources */ = {isa = PBXBuildFile; fileRef = 5DDC7B152B66891B00D75063 /* WDLinkForest.xib */; };
		5DF502A92B638A0B00A33CE8 /* ForestSupport.h in Headers */ = {isa = PBXBuildFile; fileRef = 5DF502A82B638A0B00A33CE8 /* ForestSupport.h */; settings = {ATTRIBUTES = (Public, ); }; };
		5DF502AC2B638A0B00A33CE8 /* ForestSupport.framework in Frameworks */ = {isa = PBXBuildFile; fileRef = 5DF502A62B638A0B00A33CE8 /* ForestSupport.framework */; };
		5DF502AD2B638A0B00A33CE8 /* ForestSupport.framework in Embed Frameworks */ = {isa = PBXBuildFile; fileRef = 5DF502A62B638A0B00A33CE8 /* ForestSupport.framework */; settings = {ATTRIBUTES = (CodeSignOnCopy, RemoveHeadersOnCopy, ); }; };
		5DF502B42B638A2E00A33CE8 /* Alamofire in Frameworks */ = {isa = PBXBuildFile; productRef = 5DF502B32B638A2E00A33CE8 /* Alamofire */; };
		5DF502B62B638A2E00A33CE8 /* SwiftyJSON in Frameworks */ = {isa = PBXBuildFile; productRef = 5DF502B52B638A2E00A33CE8 /* SwiftyJSON */; };
		5DF502B72B638A5300A33CE8 /* WDTreeEdit.swift in Sources */ = {isa = PBXBuildFile; fileRef = 5D853AE32B5413FB00A018C4 /* WDTreeEdit.swift */; };
		5DF502B82B638A5300A33CE8 /* LFStorage.swift in Sources */ = {isa = PBXBuildFile; fileRef = 5D85BF142B527D900041AFDA /* LFStorage.swift */; };
		5DF502B92B638A5300A33CE8 /* LFManager.swift in Sources */ = {isa = PBXBuildFile; fileRef = 5DC3DE742B514FEA00428760 /* LFManager.swift */; };
		5DF502BA2B638A5300A33CE8 /* WDLinkForest.swift in Sources */ = {isa = PBXBuildFile; fileRef = 5DC3DE702B51462A00428760 /* WDLinkForest.swift */; };
		5DF502BB2B638A5300A33CE8 /* LFRequest.swift in Sources */ = {isa = PBXBuildFile; fileRef = 5D2F39DA2B511E2A00C3D391 /* LFRequest.swift */; };
/* End PBXBuildFile section */

/* Begin PBXContainerItemProxy section */
		5DF502AA2B638A0B00A33CE8 /* PBXContainerItemProxy */ = {
			isa = PBXContainerItemProxy;
			containerPortal = 5DB12B2A2B3C87E900224244 /* Project object */;
			proxyType = 1;
			remoteGlobalIDString = 5DF502A52B638A0B00A33CE8;
			remoteInfo = ForestSupport;
		};
/* End PBXContainerItemProxy section */

/* Begin PBXCopyFilesBuildPhase section */
		5DF502B12B638A0B00A33CE8 /* Embed Frameworks */ = {
			isa = PBXCopyFilesBuildPhase;
			buildActionMask = 2147483647;
			dstPath = "";
			dstSubfolderSpec = 10;
			files = (
				5DF502AD2B638A0B00A33CE8 /* ForestSupport.framework in Embed Frameworks */,
			);
			name = "Embed Frameworks";
			runOnlyForDeploymentPostprocessing = 0;
		};
/* End PBXCopyFilesBuildPhase section */

/* Begin PBXFileReference section */
		5D2F39DA2B511E2A00C3D391 /* LFRequest.swift */ = {isa = PBXFileReference; lastKnownFileType = sourcecode.swift; path = LFRequest.swift; sourceTree = "<group>"; };
		5D4B3C8D2B739226000B9DAE /* WDForestViewer.swift */ = {isa = PBXFileReference; lastKnownFileType = sourcecode.swift; path = WDForestViewer.swift; sourceTree = "<group>"; };
		5D4B3C8E2B739226000B9DAE /* WDForestViewer.xib */ = {isa = PBXFileReference; lastKnownFileType = file.xib; path = WDForestViewer.xib; sourceTree = "<group>"; };
		5D4B3C912B73A26C000B9DAE /* SUForest.swift */ = {isa = PBXFileReference; lastKnownFileType = sourcecode.swift; path = SUForest.swift; sourceTree = "<group>"; };
		5D853AE32B5413FB00A018C4 /* WDTreeEdit.swift */ = {isa = PBXFileReference; lastKnownFileType = sourcecode.swift; path = WDTreeEdit.swift; sourceTree = "<group>"; };
		5D853AE42B5413FB00A018C4 /* WDTreeEdit.xib */ = {isa = PBXFileReference; lastKnownFileType = file.xib; path = WDTreeEdit.xib; sourceTree = "<group>"; };
		5D85BF142B527D900041AFDA /* LFStorage.swift */ = {isa = PBXFileReference; lastKnownFileType = sourcecode.swift; path = LFStorage.swift; sourceTree = "<group>"; };
		5D8C97352B3D0505009D142D /* LDMenuIcon.swift */ = {isa = PBXFileReference; fileEncoding = 4; lastKnownFileType = sourcecode.swift; path = LDMenuIcon.swift; sourceTree = "<group>"; wrapsLines = 0; };
		5D8C97362B3D0505009D142D /* LDCoreTimer.swift */ = {isa = PBXFileReference; fileEncoding = 4; lastKnownFileType = sourcecode.swift; path = LDCoreTimer.swift; sourceTree = "<group>"; };
		5D8C97392B3D0C95009D142D /* VCCountDown.swift */ = {isa = PBXFileReference; lastKnownFileType = sourcecode.swift; path = VCCountDown.swift; sourceTree = "<group>"; };
		5D94730C2B9C39AA00AE1A5B /* LFPlantResource.swift */ = {isa = PBXFileReference; fileEncoding = 4; lastKnownFileType = sourcecode.swift; path = LFPlantResource.swift; sourceTree = "<group>"; };
		5D97DDF62B4D5B4E00B2E3AE /* LDNotification.swift */ = {isa = PBXFileReference; lastKnownFileType = sourcecode.swift; path = LDNotification.swift; sourceTree = "<group>"; };
		5D97DDF82B4D5B6F00B2E3AE /* LDRecord.swift */ = {isa = PBXFileReference; lastKnownFileType = sourcecode.swift; path = LDRecord.swift; sourceTree = "<group>"; };
		5D9BA9312B4E28DB00675DA8 /* VCMenuIcon.swift */ = {isa = PBXFileReference; lastKnownFileType = sourcecode.swift; path = VCMenuIcon.swift; sourceTree = "<group>"; };
		5D9BA9322B4E28DB00675DA8 /* VCMenuIcon.xib */ = {isa = PBXFileReference; lastKnownFileType = file.xib; path = VCMenuIcon.xib; sourceTree = "<group>"; };
		5D9C8ED42B52F42A00FC904E /* LDMenuSync.swift */ = {isa = PBXFileReference; lastKnownFileType = sourcecode.swift; path = LDMenuSync.swift; sourceTree = "<group>"; };
		5D9E82022B7628660075F681 /* SUForestUtil.swift */ = {isa = PBXFileReference; lastKnownFileType = sourcecode.swift; path = SUForestUtil.swift; sourceTree = "<group>"; };
		5DACE9482B4C4A75009BA82C /* DockProgress.swift */ = {isa = PBXFileReference; fileEncoding = 4; lastKnownFileType = sourcecode.swift; path = DockProgress.swift; sourceTree = "<group>"; };
		5DACE9492B4C4A75009BA82C /* Utilities.swift */ = {isa = PBXFileReference; fileEncoding = 4; lastKnownFileType = sourcecode.swift; path = Utilities.swift; sourceTree = "<group>"; };
		5DB12B322B3C87E900224244 /* Forest.app */ = {isa = PBXFileReference; explicitFileType = wrapper.application; includeInIndex = 0; path = Forest.app; sourceTree = BUILT_PRODUCTS_DIR; };
		5DB12B352B3C87E900224244 /* AppDelegate.swift */ = {isa = PBXFileReference; lastKnownFileType = sourcecode.swift; path = AppDelegate.swift; sourceTree = "<group>"; };
		5DB12B372B3C87EB00224244 /* Assets.xcassets */ = {isa = PBXFileReference; lastKnownFileType = folder.assetcatalog; path = Assets.xcassets; sourceTree = "<group>"; };
		5DB12B3C2B3C87EB00224244 /* Idle.entitlements */ = {isa = PBXFileReference; lastKnownFileType = text.plist.entitlements; path = Idle.entitlements; sourceTree = "<group>"; };
		5DBD1C512B74BC0C00A5F999 /* SUMenuIcon.swift */ = {isa = PBXFileReference; lastKnownFileType = sourcecode.swift; path = SUMenuIcon.swift; sourceTree = "<group>"; };
		5DBFE6232B6A516E0023818B /* plants */ = {isa = PBXFileReference; lastKnownFileType = folder; path = plants; sourceTree = "<group>"; };
		5DBFE6252B6A51AC0023818B /* LFPlantManager.swift */ = {isa = PBXFileReference; lastKnownFileType = sourcecode.swift; path = LFPlantManager.swift; sourceTree = "<group>"; };
		5DBFE62B2B6A530A0023818B /* PlantResource.bundle */ = {isa = PBXFileReference; explicitFileType = wrapper.cfbundle; includeInIndex = 0; path = PlantResource.bundle; sourceTree = BUILT_PRODUCTS_DIR; };
		5DC2D3892B55311E004103E9 /* WDAbout.swift */ = {isa = PBXFileReference; lastKnownFileType = sourcecode.swift; path = WDAbout.swift; sourceTree = "<group>"; };
		5DC2D38A2B55311E004103E9 /* WDAbout.xib */ = {isa = PBXFileReference; lastKnownFileType = file.xib; path = WDAbout.xib; sourceTree = "<group>"; };
		5DC3DE702B51462A00428760 /* WDLinkForest.swift */ = {isa = PBXFileReference; lastKnownFileType = sourcecode.swift; path = WDLinkForest.swift; sourceTree = "<group>"; };
		5DC3DE742B514FEA00428760 /* LFManager.swift */ = {isa = PBXFileReference; lastKnownFileType = sourcecode.swift; path = LFManager.swift; sourceTree = "<group>"; };
		5DC3DE7E2B515A7300428760 /* Acknowledgement.md */ = {isa = PBXFileReference; lastKnownFileType = net.daringfireball.markdown; path = Acknowledgement.md; sourceTree = "<group>"; };
		5DD24C922B62AAE200D23F6A /* Base */ = {isa = PBXFileReference; lastKnownFileType = file.xib; name = Base; path = Base.lproj/MainMenu.xib; sourceTree = "<group>"; };
		5DD24C952B62AB6800D23F6A /* VCCountDown.xib */ = {isa = PBXFileReference; fileEncoding = 4; lastKnownFileType = file.xib; path = VCCountDown.xib; sourceTree = "<group>"; };
		5DDC7B152B66891B00D75063 /* WDLinkForest.xib */ = {isa = PBXFileReference; fileEncoding = 4; lastKnownFileType = file.xib; path = WDLinkForest.xib; sourceTree = "<group>"; };
		5DF502A62B638A0B00A33CE8 /* ForestSupport.framework */ = {isa = PBXFileReference; explicitFileType = wrapper.framework; includeInIndex = 0; path = ForestSupport.framework; sourceTree = BUILT_PRODUCTS_DIR; };
		5DF502A82B638A0B00A33CE8 /* ForestSupport.h */ = {isa = PBXFileReference; lastKnownFileType = sourcecode.c.h; path = ForestSupport.h; sourceTree = "<group>"; };
/* End PBXFileReference section */

/* Begin PBXFrameworksBuildPhase section */
		5DB12B2F2B3C87E900224244 /* Frameworks */ = {
			isa = PBXFrameworksBuildPhase;
			buildActionMask = 2147483647;
			files = (
				5DF502AC2B638A0B00A33CE8 /* ForestSupport.framework in Frameworks */,
			);
			runOnlyForDeploymentPostprocessing = 0;
		};
		5DBFE6282B6A530A0023818B /* Frameworks */ = {
			isa = PBXFrameworksBuildPhase;
			buildActionMask = 2147483647;
			files = (
			);
			runOnlyForDeploymentPostprocessing = 0;
		};
		5DF502A32B638A0B00A33CE8 /* Frameworks */ = {
			isa = PBXFrameworksBuildPhase;
			buildActionMask = 2147483647;
			files = (
				5DF502B62B638A2E00A33CE8 /* SwiftyJSON in Frameworks */,
				5DF502B42B638A2E00A33CE8 /* Alamofire in Frameworks */,
			);
			runOnlyForDeploymentPostprocessing = 0;
		};
/* End PBXFrameworksBuildPhase section */

/* Begin PBXGroup section */
		5D4B3C8C2B739203000B9DAE /* Viewer */ = {
			isa = PBXGroup;
			children = (
				5D4B3C8D2B739226000B9DAE /* WDForestViewer.swift */,
				5D4B3C8E2B739226000B9DAE /* WDForestViewer.xib */,
				5D4B3C912B73A26C000B9DAE /* SUForest.swift */,
				5D9E82022B7628660075F681 /* SUForestUtil.swift */,
			);
			path = Viewer;
			sourceTree = "<group>";
		};
		5D8C97342B3D04F4009D142D /* Countdown */ = {
			isa = PBXGroup;
			children = (
				5D8C97362B3D0505009D142D /* LDCoreTimer.swift */,
				5D8C97352B3D0505009D142D /* LDMenuIcon.swift */,
				5D97DDF62B4D5B4E00B2E3AE /* LDNotification.swift */,
				5D97DDF82B4D5B6F00B2E3AE /* LDRecord.swift */,
				5D9C8ED42B52F42A00FC904E /* LDMenuSync.swift */,
				5D8C97392B3D0C95009D142D /* VCCountDown.swift */,
				5DD24C952B62AB6800D23F6A /* VCCountDown.xib */,
				5D9BA9312B4E28DB00675DA8 /* VCMenuIcon.swift */,
				5D9BA9322B4E28DB00675DA8 /* VCMenuIcon.xib */,
				5DBD1C512B74BC0C00A5F999 /* SUMenuIcon.swift */,
			);
			path = Countdown;
			sourceTree = "<group>";
		};
		5D9A82F92B4EAF370091FD2E /* Support */ = {
			isa = PBXGroup;
			children = (
				5DACE9482B4C4A75009BA82C /* DockProgress.swift */,
				5DACE9492B4C4A75009BA82C /* Utilities.swift */,
			);
			path = Support;
			sourceTree = "<group>";
		};
		5DB12B292B3C87E900224244 = {
			isa = PBXGroup;
			children = (
				5DB12B342B3C87E900224244 /* Idle */,
				5DB12B332B3C87E900224244 /* Products */,
				5DF502B22B638A2E00A33CE8 /* Frameworks */,
			);
			sourceTree = "<group>";
		};
		5DB12B332B3C87E900224244 /* Products */ = {
			isa = PBXGroup;
			children = (
				5DB12B322B3C87E900224244 /* Forest.app */,
				5DF502A62B638A0B00A33CE8 /* ForestSupport.framework */,
				5DBFE62B2B6A530A0023818B /* PlantResource.bundle */,
			);
			name = Products;
			sourceTree = "<group>";
		};
		5DB12B342B3C87E900224244 /* Idle */ = {
			isa = PBXGroup;
			children = (
				5DF502A72B638A0B00A33CE8 /* ForestSupport */,
				5D4B3C8C2B739203000B9DAE /* Viewer */,
				5DBFE6222B6A514F0023818B /* PlantsResource */,
				5D8C97342B3D04F4009D142D /* Countdown */,
				5D9A82F92B4EAF370091FD2E /* Support */,
				5DB12B352B3C87E900224244 /* AppDelegate.swift */,
				5DB12B372B3C87EB00224244 /* Assets.xcassets */,
				5DD24C902B62AA7900D23F6A /* MainMenu.xib */,
				5DB12B3C2B3C87EB00224244 /* Idle.entitlements */,
				5DC3DE7E2B515A7300428760 /* Acknowledgement.md */,
				5DC2D3892B55311E004103E9 /* WDAbout.swift */,
				5DC2D38A2B55311E004103E9 /* WDAbout.xib */,
			);
			path = Idle;
			sourceTree = "<group>";
		};
		5DBFE6222B6A514F0023818B /* PlantsResource */ = {
			isa = PBXGroup;
			children = (
				5DBFE6232B6A516E0023818B /* plants */,
			);
			path = PlantsResource;
			sourceTree = "<group>";
		};
		5DF502A72B638A0B00A33CE8 /* ForestSupport */ = {
			isa = PBXGroup;
			children = (
				5DC3DE742B514FEA00428760 /* LFManager.swift */,
				5D2F39DA2B511E2A00C3D391 /* LFRequest.swift */,
				5D85BF142B527D900041AFDA /* LFStorage.swift */,
				5DBFE6252B6A51AC0023818B /* LFPlantManager.swift */,
				5D94730C2B9C39AA00AE1A5B /* LFPlantResource.swift */,
				5DDC7B152B66891B00D75063 /* WDLinkForest.xib */,
				5DC3DE702B51462A00428760 /* WDLinkForest.swift */,
				5D853AE32B5413FB00A018C4 /* WDTreeEdit.swift */,
				5D853AE42B5413FB00A018C4 /* WDTreeEdit.xib */,
				5DF502A82B638A0B00A33CE8 /* ForestSupport.h */,
			);
			name = ForestSupport;
			path = ../ForestSupport;
			sourceTree = "<group>";
		};
		5DF502B22B638A2E00A33CE8 /* Frameworks */ = {
			isa = PBXGroup;
			children = (
			);
			name = Frameworks;
			sourceTree = "<group>";
		};
/* End PBXGroup section */

/* Begin PBXHeadersBuildPhase section */
		5DF502A12B638A0B00A33CE8 /* Headers */ = {
			isa = PBXHeadersBuildPhase;
			buildActionMask = 2147483647;
			files = (
				5DF502A92B638A0B00A33CE8 /* ForestSupport.h in Headers */,
			);
			runOnlyForDeploymentPostprocessing = 0;
		};
/* End PBXHeadersBuildPhase section */

/* Begin PBXNativeTarget section */
		5DB12B312B3C87E900224244 /* Idle */ = {
			isa = PBXNativeTarget;
			buildConfigurationList = 5DB12B3F2B3C87EB00224244 /* Build configuration list for PBXNativeTarget "Idle" */;
			buildPhases = (
				5DB12B2E2B3C87E900224244 /* Sources */,
				5DB12B2F2B3C87E900224244 /* Frameworks */,
				5DB12B302B3C87E900224244 /* Resources */,
				5DF502B12B638A0B00A33CE8 /* Embed Frameworks */,
			);
			buildRules = (
			);
			dependencies = (
				5DF502AB2B638A0B00A33CE8 /* PBXTargetDependency */,
			);
			name = Idle;
			packageProductDependencies = (
			);
			productName = Idle;
			productReference = 5DB12B322B3C87E900224244 /* Forest.app */;
			productType = "com.apple.product-type.application";
		};
		5DBFE62A2B6A530A0023818B /* PlantResource */ = {
			isa = PBXNativeTarget;
			buildConfigurationList = 5DBFE62C2B6A530A0023818B /* Build configuration list for PBXNativeTarget "PlantResource" */;
			buildPhases = (
				5DBFE6272B6A530A0023818B /* Sources */,
				5DBFE6282B6A530A0023818B /* Frameworks */,
				5DBFE6292B6A530A0023818B /* Resources */,
			);
			buildRules = (
			);
			dependencies = (
			);
			name = PlantResource;
			productName = PlantResource;
			productReference = 5DBFE62B2B6A530A0023818B /* PlantResource.bundle */;
			productType = "com.apple.product-type.bundle";
		};
		5DF502A52B638A0B00A33CE8 /* ForestSupport */ = {
			isa = PBXNativeTarget;
			buildConfigurationList = 5DF502AE2B638A0B00A33CE8 /* Build configuration list for PBXNativeTarget "ForestSupport" */;
			buildPhases = (
				5DF502A12B638A0B00A33CE8 /* Headers */,
				5DF502A22B638A0B00A33CE8 /* Sources */,
				5DF502A32B638A0B00A33CE8 /* Frameworks */,
				5DF502A42B638A0B00A33CE8 /* Resources */,
			);
			buildRules = (
			);
			dependencies = (
			);
			name = ForestSupport;
			packageProductDependencies = (
				5DF502B32B638A2E00A33CE8 /* Alamofire */,
				5DF502B52B638A2E00A33CE8 /* SwiftyJSON */,
			);
			productName = ForestSupport;
			productReference = 5DF502A62B638A0B00A33CE8 /* ForestSupport.framework */;
			productType = "com.apple.product-type.framework";
		};
/* End PBXNativeTarget section */

/* Begin PBXProject section */
		5DB12B2A2B3C87E900224244 /* Project object */ = {
			isa = PBXProject;
			attributes = {
				BuildIndependentTargetsInParallel = 1;
				LastSwiftUpdateCheck = 1420;
				LastUpgradeCheck = 1520;
				TargetAttributes = {
					5DB12B312B3C87E900224244 = {
						CreatedOnToolsVersion = 14.2;
						LastSwiftMigration = 1520;
					};
					5DBFE62A2B6A530A0023818B = {
						CreatedOnToolsVersion = 15.2;
					};
					5DF502A52B638A0B00A33CE8 = {
						CreatedOnToolsVersion = 15.2;
					};
				};
			};
			buildConfigurationList = 5DB12B2D2B3C87E900224244 /* Build configuration list for PBXProject "AltIdle" */;
			compatibilityVersion = "Xcode 14.0";
			developmentRegion = en;
			hasScannedForEncodings = 0;
			knownRegions = (
				en,
				Base,
			);
			mainGroup = 5DB12B292B3C87E900224244;
			packageReferences = (
				5D8C972E2B3D01D3009D142D /* XCRemoteSwiftPackageReference "Alamofire" */,
				5D8C97312B3D0205009D142D /* XCRemoteSwiftPackageReference "SwiftyJSON" */,
			);
			productRefGroup = 5DB12B332B3C87E900224244 /* Products */;
			projectDirPath = "";
			projectRoot = "";
			targets = (
				5DB12B312B3C87E900224244 /* Idle */,
				5DF502A52B638A0B00A33CE8 /* ForestSupport */,
				5DBFE62A2B6A530A0023818B /* PlantResource */,
			);
		};
/* End PBXProject section */

/* Begin PBXResourcesBuildPhase section */
		5DB12B302B3C87E900224244 /* Resources */ = {
			isa = PBXResourcesBuildPhase;
			buildActionMask = 2147483647;
			files = (
				5DBFE6342B6A59720023818B /* PlantResource.bundle in Resources */,
				5D853AE62B5413FB00A018C4 /* WDTreeEdit.xib in Resources */,
				5DB12B382B3C87EB00224244 /* Assets.xcassets in Resources */,
				5D4B3C902B739226000B9DAE /* WDForestViewer.xib in Resources */,
				5D9BA9342B4E28DB00675DA8 /* VCMenuIcon.xib in Resources */,
				5DC2D38C2B55311E004103E9 /* WDAbout.xib in Resources */,
				5DD24C962B62AB6800D23F6A /* VCCountDown.xib in Resources */,
				5DD24C8E2B62AA7900D23F6A /* MainMenu.xib in Resources */,
			);
			runOnlyForDeploymentPostprocessing = 0;
		};
		5DBFE6292B6A530A0023818B /* Resources */ = {
			isa = PBXResourcesBuildPhase;
			buildActionMask = 2147483647;
			files = (
				5DBFE62F2B6A532C0023818B /* plants in Resources */,
			);
			runOnlyForDeploymentPostprocessing = 0;
		};
		5DF502A42B638A0B00A33CE8 /* Resources */ = {
			isa = PBXResourcesBuildPhase;
			buildActionMask = 2147483647;
			files = (
				5DDC7B162B66891B00D75063 /* WDLinkForest.xib in Resources */,
			);
			runOnlyForDeploymentPostprocessing = 0;
		};
/* End PBXResourcesBuildPhase section */

/* Begin PBXSourcesBuildPhase section */
		5DB12B2E2B3C87E900224244 /* Sources */ = {
			isa = PBXSourcesBuildPhase;
			buildActionMask = 2147483647;
			files = (
				5D8C97382B3D0505009D142D /* LDCoreTimer.swift in Sources */,
				5DB12B362B3C87E900224244 /* AppDelegate.swift in Sources */,
				5D9C8ED52B52F42A00FC904E /* LDMenuSync.swift in Sources */,
				5D8C973B2B3D0C95009D142D /* VCCountDown.swift in Sources */,
				5D8C97372B3D0505009D142D /* LDMenuIcon.swift in Sources */,
				5D97DDF92B4D5B6F00B2E3AE /* LDRecord.swift in Sources */,
				5D9E82032B7628660075F681 /* SUForestUtil.swift in Sources */,
				5D94730D2B9C39AA00AE1A5B /* LFPlantResource.swift in Sources */,
				5D9BA9332B4E28DB00675DA8 /* VCMenuIcon.swift in Sources */,
				5D4B3C8F2B739226000B9DAE /* WDForestViewer.swift in Sources */,
				5DACE94B2B4C4A75009BA82C /* Utilities.swift in Sources */,
				5D97DDF72B4D5B4E00B2E3AE /* LDNotification.swift in Sources */,
				5DBFE6262B6A51AC0023818B /* LFPlantManager.swift in Sources */,
				5DBD1C522B74BC0C00A5F999 /* SUMenuIcon.swift in Sources */,
				5DACE94A2B4C4A75009BA82C /* DockProgress.swift in Sources */,
				5D4B3C922B73A26D000B9DAE /* SUForest.swift in Sources */,
				5DC2D38B2B55311E004103E9 /* WDAbout.swift in Sources */,
			);
			runOnlyForDeploymentPostprocessing = 0;
		};
		5DBFE6272B6A530A0023818B /* Sources */ = {
			isa = PBXSourcesBuildPhase;
			buildActionMask = 2147483647;
			files = (
			);
			runOnlyForDeploymentPostprocessing = 0;
		};
		5DF502A22B638A0B00A33CE8 /* Sources */ = {
			isa = PBXSourcesBuildPhase;
			buildActionMask = 2147483647;
			files = (
				5DF502B92B638A5300A33CE8 /* LFManager.swift in Sources */,
				5DF502BA2B638A5300A33CE8 /* WDLinkForest.swift in Sources */,
				5DF502BB2B638A5300A33CE8 /* LFRequest.swift in Sources */,
				5DF502B72B638A5300A33CE8 /* WDTreeEdit.swift in Sources */,
				5DF502B82B638A5300A33CE8 /* LFStorage.swift in Sources */,
			);
			runOnlyForDeploymentPostprocessing = 0;
		};
/* End PBXSourcesBuildPhase section */

/* Begin PBXTargetDependency section */
		5DF502AB2B638A0B00A33CE8 /* PBXTargetDependency */ = {
			isa = PBXTargetDependency;
			target = 5DF502A52B638A0B00A33CE8 /* ForestSupport */;
			targetProxy = 5DF502AA2B638A0B00A33CE8 /* PBXContainerItemProxy */;
		};
/* End PBXTargetDependency section */

/* Begin PBXVariantGroup section */
		5DD24C902B62AA7900D23F6A /* MainMenu.xib */ = {
			isa = PBXVariantGroup;
			children = (
				5DD24C922B62AAE200D23F6A /* Base */,
			);
			name = MainMenu.xib;
			sourceTree = "<group>";
		};
/* End PBXVariantGroup section */

/* Begin XCBuildConfiguration section */
		5DB12B3D2B3C87EB00224244 /* Debug */ = {
			isa = XCBuildConfiguration;
			buildSettings = {
				ALWAYS_SEARCH_USER_PATHS = NO;
				CLANG_ANALYZER_LOCALIZABILITY_NONLOCALIZED = YES;
				CLANG_ANALYZER_NONNULL = YES;
				CLANG_ANALYZER_NUMBER_OBJECT_CONVERSION = YES_AGGRESSIVE;
				CLANG_CXX_LANGUAGE_STANDARD = "gnu++20";
				CLANG_ENABLE_MODULES = YES;
				CLANG_ENABLE_OBJC_ARC = YES;
				CLANG_ENABLE_OBJC_WEAK = YES;
				CLANG_WARN_BLOCK_CAPTURE_AUTORELEASING = YES;
				CLANG_WARN_BOOL_CONVERSION = YES;
				CLANG_WARN_COMMA = YES;
				CLANG_WARN_CONSTANT_CONVERSION = YES;
				CLANG_WARN_DEPRECATED_OBJC_IMPLEMENTATIONS = YES;
				CLANG_WARN_DIRECT_OBJC_ISA_USAGE = YES_ERROR;
				CLANG_WARN_DOCUMENTATION_COMMENTS = YES;
				CLANG_WARN_EMPTY_BODY = YES;
				CLANG_WARN_ENUM_CONVERSION = YES;
				CLANG_WARN_INFINITE_RECURSION = YES;
				CLANG_WARN_INT_CONVERSION = YES;
				CLANG_WARN_NON_LITERAL_NULL_CONVERSION = YES;
				CLANG_WARN_OBJC_IMPLICIT_RETAIN_SELF = YES;
				CLANG_WARN_OBJC_LITERAL_CONVERSION = YES;
				CLANG_WARN_OBJC_ROOT_CLASS = YES_ERROR;
				CLANG_WARN_QUOTED_INCLUDE_IN_FRAMEWORK_HEADER = YES;
				CLANG_WARN_RANGE_LOOP_ANALYSIS = YES;
				CLANG_WARN_STRICT_PROTOTYPES = YES;
				CLANG_WARN_SUSPICIOUS_MOVE = YES;
				CLANG_WARN_UNGUARDED_AVAILABILITY = YES_AGGRESSIVE;
				CLANG_WARN_UNREACHABLE_CODE = YES;
				CLANG_WARN__DUPLICATE_METHOD_MATCH = YES;
				COPY_PHASE_STRIP = NO;
				DEAD_CODE_STRIPPING = YES;
				DEBUG_INFORMATION_FORMAT = dwarf;
				ENABLE_STRICT_OBJC_MSGSEND = YES;
				ENABLE_TESTABILITY = YES;
				GCC_C_LANGUAGE_STANDARD = gnu11;
				GCC_DYNAMIC_NO_PIC = NO;
				GCC_NO_COMMON_BLOCKS = YES;
				GCC_OPTIMIZATION_LEVEL = 0;
				GCC_PREPROCESSOR_DEFINITIONS = (
					"DEBUG=1",
					"$(inherited)",
				);
				GCC_WARN_64_TO_32_BIT_CONVERSION = YES;
				GCC_WARN_ABOUT_RETURN_TYPE = YES_ERROR;
				GCC_WARN_UNDECLARED_SELECTOR = YES;
				GCC_WARN_UNINITIALIZED_AUTOS = YES_AGGRESSIVE;
				GCC_WARN_UNUSED_FUNCTION = YES;
				GCC_WARN_UNUSED_VARIABLE = YES;
				MACOSX_DEPLOYMENT_TARGET = 12.7;
				MTL_ENABLE_DEBUG_INFO = INCLUDE_SOURCE;
				MTL_FAST_MATH = YES;
				ONLY_ACTIVE_ARCH = YES;
				SDKROOT = macosx;
				SWIFT_ACTIVE_COMPILATION_CONDITIONS = DEBUG;
				SWIFT_OPTIMIZATION_LEVEL = "-Onone";
			};
			name = Debug;
		};
		5DB12B3E2B3C87EB00224244 /* Release */ = {
			isa = XCBuildConfiguration;
			buildSettings = {
				ALWAYS_SEARCH_USER_PATHS = NO;
				CLANG_ANALYZER_LOCALIZABILITY_NONLOCALIZED = YES;
				CLANG_ANALYZER_NONNULL = YES;
				CLANG_ANALYZER_NUMBER_OBJECT_CONVERSION = YES_AGGRESSIVE;
				CLANG_CXX_LANGUAGE_STANDARD = "gnu++20";
				CLANG_ENABLE_MODULES = YES;
				CLANG_ENABLE_OBJC_ARC = YES;
				CLANG_ENABLE_OBJC_WEAK = YES;
				CLANG_WARN_BLOCK_CAPTURE_AUTORELEASING = YES;
				CLANG_WARN_BOOL_CONVERSION = YES;
				CLANG_WARN_COMMA = YES;
				CLANG_WARN_CONSTANT_CONVERSION = YES;
				CLANG_WARN_DEPRECATED_OBJC_IMPLEMENTATIONS = YES;
				CLANG_WARN_DIRECT_OBJC_ISA_USAGE = YES_ERROR;
				CLANG_WARN_DOCUMENTATION_COMMENTS = YES;
				CLANG_WARN_EMPTY_BODY = YES;
				CLANG_WARN_ENUM_CONVERSION = YES;
				CLANG_WARN_INFINITE_RECURSION = YES;
				CLANG_WARN_INT_CONVERSION = YES;
				CLANG_WARN_NON_LITERAL_NULL_CONVERSION = YES;
				CLANG_WARN_OBJC_IMPLICIT_RETAIN_SELF = YES;
				CLANG_WARN_OBJC_LITERAL_CONVERSION = YES;
				CLANG_WARN_OBJC_ROOT_CLASS = YES_ERROR;
				CLANG_WARN_QUOTED_INCLUDE_IN_FRAMEWORK_HEADER = YES;
				CLANG_WARN_RANGE_LOOP_ANALYSIS = YES;
				CLANG_WARN_STRICT_PROTOTYPES = YES;
				CLANG_WARN_SUSPICIOUS_MOVE = YES;
				CLANG_WARN_UNGUARDED_AVAILABILITY = YES_AGGRESSIVE;
				CLANG_WARN_UNREACHABLE_CODE = YES;
				CLANG_WARN__DUPLICATE_METHOD_MATCH = YES;
				COPY_PHASE_STRIP = NO;
				DEAD_CODE_STRIPPING = YES;
				DEBUG_INFORMATION_FORMAT = "dwarf-with-dsym";
				ENABLE_NS_ASSERTIONS = NO;
				ENABLE_STRICT_OBJC_MSGSEND = YES;
				GCC_C_LANGUAGE_STANDARD = gnu11;
				GCC_NO_COMMON_BLOCKS = YES;
				GCC_WARN_64_TO_32_BIT_CONVERSION = YES;
				GCC_WARN_ABOUT_RETURN_TYPE = YES_ERROR;
				GCC_WARN_UNDECLARED_SELECTOR = YES;
				GCC_WARN_UNINITIALIZED_AUTOS = YES_AGGRESSIVE;
				GCC_WARN_UNUSED_FUNCTION = YES;
				GCC_WARN_UNUSED_VARIABLE = YES;
				MACOSX_DEPLOYMENT_TARGET = 12.7;
				MTL_ENABLE_DEBUG_INFO = NO;
				MTL_FAST_MATH = YES;
				SDKROOT = macosx;
				SWIFT_COMPILATION_MODE = wholemodule;
				SWIFT_OPTIMIZATION_LEVEL = "-O";
			};
			name = Release;
		};
		5DB12B402B3C87EB00224244 /* Debug */ = {
			isa = XCBuildConfiguration;
			buildSettings = {
				ALWAYS_EMBED_SWIFT_STANDARD_LIBRARIES = YES;
				ASSETCATALOG_COMPILER_APPICON_NAME = AppIcon;
				ASSETCATALOG_COMPILER_GLOBAL_ACCENT_COLOR_NAME = AccentColor;
				CLANG_ENABLE_MODULES = YES;
				CODE_SIGN_ENTITLEMENTS = Idle/Idle.entitlements;
				CODE_SIGN_IDENTITY = "Apple Development";
				"CODE_SIGN_IDENTITY[sdk=macosx*]" = "Apple Development";
				CODE_SIGN_STYLE = Automatic;
				COMBINE_HIDPI_IMAGES = YES;
				CURRENT_PROJECT_VERSION = 25;
				DEAD_CODE_STRIPPING = YES;
				DEVELOPMENT_TEAM = FXSVDYCN2P;
				ENABLE_HARDENED_RUNTIME = YES;
				GENERATE_INFOPLIST_FILE = YES;
				INFOPLIST_FILE = Idle/Info.plist;
				INFOPLIST_KEY_CFBundleDisplayName = Forest;
				INFOPLIST_KEY_LSApplicationCategoryType = "public.app-category.productivity";
				INFOPLIST_KEY_NSHumanReadableCopyright = "Developed by Kimno";
				INFOPLIST_KEY_NSMainNibFile = MainMenu;
				INFOPLIST_KEY_NSPrincipalClass = NSApplication;
				LD_RUNPATH_SEARCH_PATHS = (
					"$(inherited)",
					"@executable_path/../Frameworks",
				);
				MACOSX_DEPLOYMENT_TARGET = 10.15;
				MARKETING_VERSION = 1.1;
				PRODUCT_BUNDLE_IDENTIFIER = studio.tri.osx.idle.alt;
				PRODUCT_NAME = Forest;
				SWIFT_EMIT_LOC_STRINGS = YES;
				SWIFT_OPTIMIZATION_LEVEL = "-Onone";
				SWIFT_VERSION = 5.0;
			};
			name = Debug;
		};
		5DB12B412B3C87EB00224244 /* Release */ = {
			isa = XCBuildConfiguration;
			buildSettings = {
				ALWAYS_EMBED_SWIFT_STANDARD_LIBRARIES = YES;
				ASSETCATALOG_COMPILER_APPICON_NAME = AppIcon;
				ASSETCATALOG_COMPILER_GLOBAL_ACCENT_COLOR_NAME = AccentColor;
				CLANG_ENABLE_MODULES = YES;
				CODE_SIGN_ENTITLEMENTS = Idle/Idle.entitlements;
				CODE_SIGN_IDENTITY = "Apple Development";
				"CODE_SIGN_IDENTITY[sdk=macosx*]" = "Apple Development";
				CODE_SIGN_STYLE = Automatic;
				COMBINE_HIDPI_IMAGES = YES;
				CURRENT_PROJECT_VERSION = 25;
				DEAD_CODE_STRIPPING = YES;
				DEVELOPMENT_TEAM = FXSVDYCN2P;
				ENABLE_HARDENED_RUNTIME = YES;
				GENERATE_INFOPLIST_FILE = YES;
				INFOPLIST_FILE = Idle/Info.plist;
				INFOPLIST_KEY_CFBundleDisplayName = Forest;
				INFOPLIST_KEY_LSApplicationCategoryType = "public.app-category.productivity";
				INFOPLIST_KEY_NSHumanReadableCopyright = "Developed by Kimno";
				INFOPLIST_KEY_NSMainNibFile = MainMenu;
				INFOPLIST_KEY_NSPrincipalClass = NSApplication;
				LD_RUNPATH_SEARCH_PATHS = (
					"$(inherited)",
					"@executable_path/../Frameworks",
				);
				MACOSX_DEPLOYMENT_TARGET = 10.15;
				MARKETING_VERSION = 1.1;
				PRODUCT_BUNDLE_IDENTIFIER = studio.tri.osx.idle.alt;
				PRODUCT_NAME = Forest;
				SWIFT_EMIT_LOC_STRINGS = YES;
				SWIFT_VERSION = 5.0;
			};
			name = Release;
		};
		5DBFE62D2B6A530A0023818B /* Debug */ = {
			isa = XCBuildConfiguration;
			buildSettings = {
				ASSETCATALOG_COMPILER_GENERATE_SWIFT_ASSET_SYMBOL_EXTENSIONS = YES;
				CODE_SIGN_STYLE = Automatic;
				COMBINE_HIDPI_IMAGES = YES;
				CURRENT_PROJECT_VERSION = 1;
				DEAD_CODE_STRIPPING = YES;
				ENABLE_USER_SCRIPT_SANDBOXING = YES;
				GCC_C_LANGUAGE_STANDARD = gnu17;
				GENERATE_INFOPLIST_FILE = YES;
				INFOPLIST_KEY_NSHumanReadableCopyright = "";
				INFOPLIST_KEY_NSPrincipalClass = "";
				INSTALL_PATH = "$(LOCAL_LIBRARY_DIR)/Bundles";
				LOCALIZATION_PREFERS_STRING_CATALOGS = YES;
				MACOSX_DEPLOYMENT_TARGET = "$(RECOMMENDED_MACOSX_DEPLOYMENT_TARGET)";
				MARKETING_VERSION = 1.0;
				PRODUCT_BUNDLE_IDENTIFIER = studio.tri.cocoa.PlantResource;
				PRODUCT_NAME = "$(TARGET_NAME)";
				SKIP_INSTALL = YES;
				SWIFT_EMIT_LOC_STRINGS = YES;
				WRAPPER_EXTENSION = bundle;
			};
			name = Debug;
		};
		5DBFE62E2B6A530A0023818B /* Release */ = {
			isa = XCBuildConfiguration;
			buildSettings = {
				ASSETCATALOG_COMPILER_GENERATE_SWIFT_ASSET_SYMBOL_EXTENSIONS = YES;
				CODE_SIGN_STYLE = Automatic;
				COMBINE_HIDPI_IMAGES = YES;
				CURRENT_PROJECT_VERSION = 1;
				DEAD_CODE_STRIPPING = YES;
				ENABLE_USER_SCRIPT_SANDBOXING = YES;
				GCC_C_LANGUAGE_STANDARD = gnu17;
				GENERATE_INFOPLIST_FILE = YES;
				INFOPLIST_KEY_NSHumanReadableCopyright = "";
				INFOPLIST_KEY_NSPrincipalClass = "";
				INSTALL_PATH = "$(LOCAL_LIBRARY_DIR)/Bundles";
				LOCALIZATION_PREFERS_STRING_CATALOGS = YES;
				MACOSX_DEPLOYMENT_TARGET = "$(RECOMMENDED_MACOSX_DEPLOYMENT_TARGET)";
				MARKETING_VERSION = 1.0;
				PRODUCT_BUNDLE_IDENTIFIER = studio.tri.cocoa.PlantResource;
				PRODUCT_NAME = "$(TARGET_NAME)";
				SKIP_INSTALL = YES;
				SWIFT_EMIT_LOC_STRINGS = YES;
				WRAPPER_EXTENSION = bundle;
			};
			name = Release;
		};
		5DF502AF2B638A0B00A33CE8 /* Debug */ = {
			isa = XCBuildConfiguration;
			buildSettings = {
				ASSETCATALOG_COMPILER_GENERATE_SWIFT_ASSET_SYMBOL_EXTENSIONS = YES;
				CODE_SIGN_IDENTITY = "";
				CODE_SIGN_STYLE = Automatic;
				COMBINE_HIDPI_IMAGES = YES;
				CURRENT_PROJECT_VERSION = 1;
				DEAD_CODE_STRIPPING = YES;
				DEFINES_MODULE = YES;
				DEVELOPMENT_TEAM = FXSVDYCN2P;
				DYLIB_COMPATIBILITY_VERSION = 1;
				DYLIB_CURRENT_VERSION = 1;
				DYLIB_INSTALL_NAME_BASE = "@rpath";
				ENABLE_MODULE_VERIFIER = YES;
				ENABLE_USER_SCRIPT_SANDBOXING = YES;
				GCC_C_LANGUAGE_STANDARD = gnu17;
				GENERATE_INFOPLIST_FILE = YES;
				INFOPLIST_KEY_NSHumanReadableCopyright = "";
				INSTALL_PATH = "$(LOCAL_LIBRARY_DIR)/Frameworks";
				LD_RUNPATH_SEARCH_PATHS = (
					"$(inherited)",
					"@executable_path/../Frameworks",
					"@loader_path/Frameworks",
				);
				LOCALIZATION_PREFERS_STRING_CATALOGS = YES;
				MACOSX_DEPLOYMENT_TARGET = 10.15;
				MARKETING_VERSION = 1.0;
				MODULE_VERIFIER_SUPPORTED_LANGUAGES = "objective-c objective-c++";
				MODULE_VERIFIER_SUPPORTED_LANGUAGE_STANDARDS = "gnu17 gnu++20";
				PRODUCT_BUNDLE_IDENTIFIER = studio.tri.osx.ForestSupport;
				PRODUCT_NAME = "$(TARGET_NAME:c99extidentifier)";
				SKIP_INSTALL = YES;
				SWIFT_ACTIVE_COMPILATION_CONDITIONS = "DEBUG $(inherited)";
				SWIFT_EMIT_LOC_STRINGS = YES;
				SWIFT_VERSION = 5.0;
				VERSIONING_SYSTEM = "apple-generic";
				VERSION_INFO_PREFIX = "";
			};
			name = Debug;
		};
		5DF502B02B638A0B00A33CE8 /* Release */ = {
			isa = XCBuildConfiguration;
			buildSettings = {
				ASSETCATALOG_COMPILER_GENERATE_SWIFT_ASSET_SYMBOL_EXTENSIONS = YES;
				CODE_SIGN_IDENTITY = "";
				CODE_SIGN_STYLE = Automatic;
				COMBINE_HIDPI_IMAGES = YES;
				CURRENT_PROJECT_VERSION = 1;
				DEAD_CODE_STRIPPING = YES;
				DEFINES_MODULE = YES;
				DEVELOPMENT_TEAM = FXSVDYCN2P;
				DYLIB_COMPATIBILITY_VERSION = 1;
				DYLIB_CURRENT_VERSION = 1;
				DYLIB_INSTALL_NAME_BASE = "@rpath";
				ENABLE_MODULE_VERIFIER = YES;
				ENABLE_USER_SCRIPT_SANDBOXING = YES;
				GCC_C_LANGUAGE_STANDARD = gnu17;
				GENERATE_INFOPLIST_FILE = YES;
				INFOPLIST_KEY_NSHumanReadableCopyright = "";
				INSTALL_PATH = "$(LOCAL_LIBRARY_DIR)/Frameworks";
				LD_RUNPATH_SEARCH_PATHS = (
					"$(inherited)",
					"@executable_path/../Frameworks",
					"@loader_path/Frameworks",
				);
				LOCALIZATION_PREFERS_STRING_CATALOGS = YES;
				MACOSX_DEPLOYMENT_TARGET = 10.15;
				MARKETING_VERSION = 1.0;
				MODULE_VERIFIER_SUPPORTED_LANGUAGES = "objective-c objective-c++";
				MODULE_VERIFIER_SUPPORTED_LANGUAGE_STANDARDS = "gnu17 gnu++20";
				PRODUCT_BUNDLE_IDENTIFIER = studio.tri.osx.ForestSupport;
				PRODUCT_NAME = "$(TARGET_NAME:c99extidentifier)";
				SKIP_INSTALL = YES;
				SWIFT_EMIT_LOC_STRINGS = YES;
				SWIFT_VERSION = 5.0;
				VERSIONING_SYSTEM = "apple-generic";
				VERSION_INFO_PREFIX = "";
			};
			name = Release;
		};
/* End XCBuildConfiguration section */

/* Begin XCConfigurationList section */
		5DB12B2D2B3C87E900224244 /* Build configuration list for PBXProject "AltIdle" */ = {
			isa = XCConfigurationList;
			buildConfigurations = (
				5DB12B3D2B3C87EB00224244 /* Debug */,
				5DB12B3E2B3C87EB00224244 /* Release */,
			);
			defaultConfigurationIsVisible = 0;
			defaultConfigurationName = Release;
		};
		5DB12B3F2B3C87EB00224244 /* Build configuration list for PBXNativeTarget "Idle" */ = {
			isa = XCConfigurationList;
			buildConfigurations = (
				5DB12B402B3C87EB00224244 /* Debug */,
				5DB12B412B3C87EB00224244 /* Release */,
			);
			defaultConfigurationIsVisible = 0;
			defaultConfigurationName = Release;
		};
		5DBFE62C2B6A530A0023818B /* Build configuration list for PBXNativeTarget "PlantResource" */ = {
			isa = XCConfigurationList;
			buildConfigurations = (
				5DBFE62D2B6A530A0023818B /* Debug */,
				5DBFE62E2B6A530A0023818B /* Release */,
			);
			defaultConfigurationIsVisible = 0;
			defaultConfigurationName = Release;
		};
		5DF502AE2B638A0B00A33CE8 /* Build configuration list for PBXNativeTarget "ForestSupport" */ = {
			isa = XCConfigurationList;
			buildConfigurations = (
				5DF502AF2B638A0B00A33CE8 /* Debug */,
				5DF502B02B638A0B00A33CE8 /* Release */,
			);
			defaultConfigurationIsVisible = 0;
			defaultConfigurationName = Release;
		};
/* End XCConfigurationList section */

/* Begin XCRemoteSwiftPackageReference section */
		5D8C972E2B3D01D3009D142D /* XCRemoteSwiftPackageReference "Alamofire" */ = {
			isa = XCRemoteSwiftPackageReference;
			repositoryURL = "https://github.com/Alamofire/Alamofire.git";
			requirement = {
				kind = exactVersion;
				version = 5.8.1;
			};
		};
		5D8C97312B3D0205009D142D /* XCRemoteSwiftPackageReference "SwiftyJSON" */ = {
			isa = XCRemoteSwiftPackageReference;
			repositoryURL = "https://github.com/SwiftyJSON/SwiftyJSON.git";
			requirement = {
				kind = exactVersion;
				version = 5.0.1;
			};
		};
/* End XCRemoteSwiftPackageReference section */

/* Begin XCSwiftPackageProductDependency section */
		5DF502B32B638A2E00A33CE8 /* Alamofire */ = {
			isa = XCSwiftPackageProductDependency;
			package = 5D8C972E2B3D01D3009D142D /* XCRemoteSwiftPackageReference "Alamofire" */;
			productName = Alamofire;
		};
		5DF502B52B638A2E00A33CE8 /* SwiftyJSON */ = {
			isa = XCSwiftPackageProductDependency;
			package = 5D8C97312B3D0205009D142D /* XCRemoteSwiftPackageReference "SwiftyJSON" */;
			productName = SwiftyJSON;
		};
/* End XCSwiftPackageProductDependency section */
	};
	rootObject = 5DB12B2A2B3C87E900224244 /* Project object */;
}
